// !$*UTF8*$!
{
	archiveVersion = 1;
	classes = {
	};
	objectVersion = 46;
	objects = {

/* Begin PBXBuildFile section */
		A3007BED1FD05568004F8914 /* AppDelegate.swift in Sources */ = {isa = PBXBuildFile; fileRef = A3007BEC1FD05568004F8914 /* AppDelegate.swift */; };
		A3007BEF1FD05568004F8914 /* ViewController.swift in Sources */ = {isa = PBXBuildFile; fileRef = A3007BEE1FD05568004F8914 /* ViewController.swift */; };
		A3007BF21FD05568004F8914 /* Main.storyboard in Resources */ = {isa = PBXBuildFile; fileRef = A3007BF01FD05568004F8914 /* Main.storyboard */; };
		A3007BF41FD05568004F8914 /* Assets.xcassets in Resources */ = {isa = PBXBuildFile; fileRef = A3007BF31FD05568004F8914 /* Assets.xcassets */; };
		A3007BF71FD05568004F8914 /* LaunchScreen.storyboard in Resources */ = {isa = PBXBuildFile; fileRef = A3007BF51FD05568004F8914 /* LaunchScreen.storyboard */; };
/* End PBXBuildFile section */

/* Begin PBXFileReference section */
		A3007BE91FD05568004F8914 /* times-tables.app */ = {isa = PBXFileReference; explicitFileType = wrapper.application; includeInIndex = 0; path = "times-tables.app"; sourceTree = BUILT_PRODUCTS_DIR; };
		A3007BEC1FD05568004F8914 /* AppDelegate.swift */ = {isa = PBXFileReference; lastKnownFileType = sourcecode.swift; path = AppDelegate.swift; sourceTree = "<group>"; };
		A3007BEE1FD05568004F8914 /* ViewController.swift */ = {isa = PBXFileReference; lastKnownFileType = sourcecode.swift; path = ViewController.swift; sourceTree = "<group>"; };
		A3007BF11FD05568004F8914 /* Base */ = {isa = PBXFileReference; lastKnownFileType = file.storyboard; name = Base; path = Base.lproj/Main.storyboard; sourceTree = "<group>"; };
		A3007BF31FD05568004F8914 /* Assets.xcassets */ = {isa = PBXFileReference; lastKnownFileType = folder.assetcatalog; path = Assets.xcassets; sourceTree = "<group>"; };
		A3007BF61FD05568004F8914 /* Base */ = {isa = PBXFileReference; lastKnownFileType = file.storyboard; name = Base; path = Base.lproj/LaunchScreen.storyboard; sourceTree = "<group>"; };
		A3007BF81FD05568004F8914 /* Info.plist */ = {isa = PBXFileReference; lastKnownFileType = text.plist.xml; path = Info.plist; sourceTree = "<group>"; };
/* End PBXFileReference section */

/* Begin PBXFrameworksBuildPhase section */
		A3007BE61FD05568004F8914 /* Frameworks */ = {
			isa = PBXFrameworksBuildPhase;
			buildActionMask = 2147483647;
			files = (
			);
			runOnlyForDeploymentPostprocessing = 0;
		};
/* End PBXFrameworksBuildPhase section */

/* Begin PBXGroup section */
		A3007BE01FD05568004F8914 = {
			isa = PBXGroup;
			children = (
				A3007BEB1FD05568004F8914 /* times-tables */,
				A3007BEA1FD05568004F8914 /* Products */,
			);
			sourceTree = "<group>";
		};
		A3007BEA1FD05568004F8914 /* Products */ = {
			isa = PBXGroup;
			children = (
				A3007BE91FD05568004F8914 /* times-tables.app */,
			);
			name = Products;
			sourceTree = "<group>";
		};
		A3007BEB1FD05568004F8914 /* times-tables */ = {
			isa = PBXGroup;
			children = (
				A3007BEC1FD05568004F8914 /* AppDelegate.swift */,
				A3007BEE1FD05568004F8914 /* ViewController.swift */,
				A3007BF01FD05568004F8914 /* Main.storyboard */,
				A3007BF31FD05568004F8914 /* Assets.xcassets */,
				A3007BF51FD05568004F8914 /* LaunchScreen.storyboard */,
				A3007BF81FD05568004F8914 /* Info.plist */,
			);
			path = "times-tables";
			sourceTree = "<group>";
		};
/* End PBXGroup section */

/* Begin PBXNativeTarget section */
		A3007BE81FD05568004F8914 /* times-tables */ = {
			isa = PBXNativeTarget;
			buildConfigurationList = A3007BFB1FD05568004F8914 /* Build configuration list for PBXNativeTarget "times-tables" */;
			buildPhases = (
				A3007BE51FD05568004F8914 /* Sources */,
				A3007BE61FD05568004F8914 /* Frameworks */,
				A3007BE71FD05568004F8914 /* Resources */,
			);
			buildRules = (
			);
			dependencies = (
			);
			name = "times-tables";
			productName = "times-tables";
			productReference = A3007BE91FD05568004F8914 /* times-tables.app */;
			productType = "com.apple.product-type.application";
		};
/* End PBXNativeTarget section */

/* Begin PBXProject section */
		A3007BE11FD05568004F8914 /* Project object */ = {
			isa = PBXProject;
			attributes = {
				LastSwiftUpdateCheck = 0830;
				LastUpgradeCheck = 0830;
				ORGANIZATIONNAME = "Jen Homann";
				TargetAttributes = {
					A3007BE81FD05568004F8914 = {
						CreatedOnToolsVersion = 8.3.3;
						DevelopmentTeam = Y9G9Y8QVXD;
						ProvisioningStyle = Automatic;
					};
				};
			};
			buildConfigurationList = A3007BE41FD05568004F8914 /* Build configuration list for PBXProject "times-tables" */;
			compatibilityVersion = "Xcode 3.2";
			developmentRegion = English;
			hasScannedForEncodings = 0;
			knownRegions = (
				en,
				Base,
			);
			mainGroup = A3007BE01FD05568004F8914;
			productRefGroup = A3007BEA1FD05568004F8914 /* Products */;
			projectDirPath = "";
			projectRoot = "";
			targets = (
				A3007BE81FD05568004F8914 /* times-tables */,
			);
		};
/* End PBXProject section */

/* Begin PBXResourcesBuildPhase section */
		A3007BE71FD05568004F8914 /* Resources */ = {
			isa = PBXResourcesBuildPhase;
			buildActionMask = 2147483647;
			files = (
				A3007BF71FD05568004F8914 /* LaunchScreen.storyboard in Resources */,
				A3007BF41FD05568004F8914 /* Assets.xcassets in Resources */,
				A3007BF21FD05568004F8914 /* Main.storyboard in Resources */,
			);
			runOnlyForDeploymentPostprocessing = 0;
		};
/* End PBXResourcesBuildPhase section */

/* Begin PBXSourcesBuildPhase section */
		A3007BE51FD05568004F8914 /* Sources */ = {
			isa = PBXSourcesBuildPhase;
			buildActionMask = 2147483647;
			files = (
				A3007BEF1FD05568004F8914 /* ViewController.swift in Sources */,
				A3007BED1FD05568004F8914 /* AppDelegate.swift in Sources */,
			);
			runOnlyForDeploymentPostprocessing = 0;
		};
/* End PBXSourcesBuildPhase section */

/* Begin PBXVariantGroup section */
		A3007BF01FD05568004F8914 /* Main.storyboard */ = {
			isa = PBXVariantGroup;
			children = (
				A3007BF11FD05568004F8914 /* Base */,
			);
			name = Main.storyboard;
			sourceTree = "<group>";
		};
		A3007BF51FD05568004F8914 /* LaunchScreen.storyboard */ = {
			isa = PBXVariantGroup;
			children = (
				A3007BF61FD05568004F8914 /* Base */,
			);
			name = LaunchScreen.storyboard;
			sourceTree = "<group>";
		};
/* End PBXVariantGroup section */

/* Begin XCBuildConfiguration section */
		A3007BF91FD05568004F8914 /* Debug */ = {
			isa = XCBuildConfiguration;
			buildSettings = {
				ALWAYS_SEARCH_USER_PATHS = NO;
				CLANG_ANALYZER_NONNULL = YES;
				CLANG_ANALYZER_NUMBER_OBJECT_CONVERSION = YES_AGGRESSIVE;
				CLANG_CXX_LANGUAGE_STANDARD = "gnu++0x";
				CLANG_CXX_LIBRARY = "libc++";
				CLANG_ENABLE_MODULES = YES;
				CLANG_ENABLE_OBJC_ARC = YES;
				CLANG_WARN_BOOL_CONVERSION = YES;
				CLANG_WARN_CONSTANT_CONVERSION = YES;
				CLANG_WARN_DIRECT_OBJC_ISA_USAGE = YES_ERROR;
				CLANG_WARN_DOCUMENTATION_COMMENTS = YES;
				CLANG_WARN_EMPTY_BODY = YES;
				CLANG_WARN_ENUM_CONVERSION = YES;
				CLANG_WARN_INFINITE_RECURSION = YES;
				CLANG_WARN_INT_CONVERSION = YES;
				CLANG_WARN_OBJC_ROOT_CLASS = YES_ERROR;
				CLANG_WARN_SUSPICIOUS_MOVE = YES;
				CLANG_WARN_UNREACHABLE_CODE = YES;
				CLANG_WARN__DUPLICATE_METHOD_MATCH = YES;
				"CODE_SIGN_IDENTITY[sdk=iphoneos*]" = "iPhone Developer";
				COPY_PHASE_STRIP = NO;
				DEBUG_INFORMATION_FORMAT = dwarf;
				ENABLE_STRICT_OBJC_MSGSEND = YES;
				ENABLE_TESTABILITY = YES;
				GCC_C_LANGUAGE_STANDARD = gnu99;
				GCC_DYNAMIC_NO_PIC = NO;
				GCC_NO_COMMON_BLOCKS = YES;
				GCC_OPTIMIZATION_LEVEL = 0;
				GCC_PREPROCESSOR_DEFINITIONS = (
					"DEBUG=1",
					"$(inherited)",
				);
				GCC_WARN_64_TO_32_BIT_CONVERSION = YES;
				GCC_WARN_ABOUT_RETURN_TYPE = YES_ERROR;
				GCC_WARN_UNDECLARED_SELECTOR = YES;
				GCC_WARN_UNINITIALIZED_AUTOS = YES_AGGRESSIVE;
				GCC_WARN_UNUSED_FUNCTION = YES;
				GCC_WARN_UNUSED_VARIABLE = YES;
				IPHONEOS_DEPLOYMENT_TARGET = 10.3;
				MTL_ENABLE_DEBUG_INFO = YES;
				ONLY_ACTIVE_ARCH = YES;
				SDKROOT = iphoneos;
				SWIFT_ACTIVE_COMPILATION_CONDITIONS = DEBUG;
				SWIFT_OPTIMIZATION_LEVEL = "-Onone";
			};
			name = Debug;
		};
		A3007BFA1FD05568004F8914 /* Release */ = {
			isa = XCBuildConfiguration;
			buildSettings = {
				ALWAYS_SEARCH_USER_PATHS = NO;
				CLANG_ANALYZER_NONNULL = YES;
				CLANG_ANALYZER_NUMBER_OBJECT_CONVERSION = YES_AGGRESSIVE;
				CLANG_CXX_LANGUAGE_STANDARD = "gnu++0x";
				CLANG_CXX_LIBRARY = "libc++";
				CLANG_ENABLE_MODULES = YES;
				CLANG_ENABLE_OBJC_ARC = YES;
				CLANG_WARN_BOOL_CONVERSION = YES;
				CLANG_WARN_CONSTANT_CONVERSION = YES;
				CLANG_WARN_DIRECT_OBJC_ISA_USAGE = YES_ERROR;
				CLANG_WARN_DOCUMENTATION_COMMENTS = YES;
				CLANG_WARN_EMPTY_BODY = YES;
				CLANG_WARN_ENUM_CONVERSION = YES;
				CLANG_WARN_INFINITE_RECURSION = YES;
				CLANG_WARN_INT_CONVERSION = YES;
				CLANG_WARN_OBJC_ROOT_CLASS = YES_ERROR;
				CLANG_WARN_SUSPICIOUS_MOVE = YES;
				CLANG_WARN_UNREACHABLE_CODE = YES;
				CLANG_WARN__DUPLICATE_METHOD_MATCH = YES;
				"CODE_SIGN_IDENTITY[sdk=iphoneos*]" = "iPhone Developer";
				COPY_PHASE_STRIP = NO;
				DEBUG_INFORMATION_FORMAT = "dwarf-with-dsym";
				ENABLE_NS_ASSERTIONS = NO;
				ENABLE_STRICT_OBJC_MSGSEND = YES;
				GCC_C_LANGUAGE_STANDARD = gnu99;
				GCC_NO_COMMON_BLOCKS = YES;
				GCC_WARN_64_TO_32_BIT_CONVERSION = YES;
				GCC_WARN_ABOUT_RETURN_TYPE = YES_ERROR;
				GCC_WARN_UNDECLARED_SELECTOR = YES;
				GCC_WARN_UNINITIALIZED_AUTOS = YES_AGGRESSIVE;
				GCC_WARN_UNUSED_FUNCTION = YES;
				GCC_WARN_UNUSED_VARIABLE = YES;
				IPHONEOS_DEPLOYMENT_TARGET = 10.3;
				MTL_ENABLE_DEBUG_INFO = NO;
				SDKROOT = iphoneos;
				SWIFT_OPTIMIZATION_LEVEL = "-Owholemodule";
				VALIDATE_PRODUCT = YES;
			};
			name = Release;
		};
		A3007BFC1FD05568004F8914 /* Debug */ = {
			isa = XCBuildConfiguration;
			buildSettings = {
				ASSETCATALOG_COMPILER_APPICON_NAME = AppIcon;
				DEVELOPMENT_TEAM = Y9G9Y8QVXD;
				INFOPLIST_FILE = "times-tables/Info.plist";
				LD_RUNPATH_SEARCH_PATHS = "$(inherited) @executable_path/Frameworks";
				PRODUCT_BUNDLE_IDENTIFIER = "com.jenhomann.times-tables";
				PRODUCT_NAME = "$(TARGET_NAME)";
				SWIFT_VERSION = 3.0;
			};
			name = Debug;
		};
		A3007BFD1FD05568004F8914 /* Release */ = {
			isa = XCBuildConfiguration;
			buildSettings = {
				ASSETCATALOG_COMPILER_APPICON_NAME = AppIcon;
				DEVELOPMENT_TEAM = Y9G9Y8QVXD;
				INFOPLIST_FILE = "times-tables/Info.plist";
				LD_RUNPATH_SEARCH_PATHS = "$(inherited) @executable_path/Frameworks";
				PRODUCT_BUNDLE_IDENTIFIER = "com.jenhomann.times-tables";
				PRODUCT_NAME = "$(TARGET_NAME)";
				SWIFT_VERSION = 3.0;
			};
			name = Release;
		};
/* End XCBuildConfiguration section */

/* Begin XCConfigurationList section */
		A3007BE41FD05568004F8914 /* Build configuration list for PBXProject "times-tables" */ = {
			isa = XCConfigurationList;
			buildConfigurations = (
				A3007BF91FD05568004F8914 /* Debug */,
				A3007BFA1FD05568004F8914 /* Release */,
			);
			defaultConfigurationIsVisible = 0;
			defaultConfigurationName = Release;
		};
		A3007BFB1FD05568004F8914 /* Build configuration list for PBXNativeTarget "times-tables" */ = {
			isa = XCConfigurationList;
			buildConfigurations = (
				A3007BFC1FD05568004F8914 /* Debug */,
				A3007BFD1FD05568004F8914 /* Release */,
			);
			defaultConfigurationIsVisible = 0;
		};
/* End XCConfigurationList section */
	};
	rootObject = A3007BE11FD05568004F8914 /* Project object */;
}
